Microsoft Visual Studio Solution File, Format Version 11.00
# Visual Studio 2010
Project("{FAE04EC0-301F-11D3-BF4B-00C04F79EFBC}") = "ScannerSample_Step2", "ScannerSample_Step2.csproj", "{65FC56A0-2AF2-4677-A7E9-AF0360B38439}"
EndProject
Global
	GlobalSection(SolutionConfigurationPlatforms) = preSolution
		Debug|Any CPU = Debug|Any CPU
		Release|Any CPU = Release|Any CPU
	EndGlobalSection
	GlobalSection(ProjectConfigurationPlatforms) = postSolution
		{65FC56A0-2AF2-4677-A7E9-AF0360B38439}.Debug|Any CPU.ActiveCfg = Debug|Any CPU
		{65FC56A0-2AF2-4677-A7E9-AF0360B38439}.Debug|Any CPU.Build.0 = Debug|Any CPU
		{65FC56A0-2AF2-4677-A7E9-AF0360B38439}.Release|Any CPU.ActiveCfg = Release|Any CPU
		{65FC56A0-2AF2-4677-A7E9-AF0360B38439}.Release|Any CPU.Build.0 = Release|Any CPU
	EndGlobalSection
	GlobalSection(SolutionProperties) = preSolution
		HideSolutionNode = FALSE
	EndGlobalSection
EndGlobal
