
Microsoft Visual Studio Solution File, Format Version 11.00
# Visual Studio 2010
# SharpDevelop 5.1
Project("{FAE04EC0-301F-11D3-BF4B-00C04F79EFBC}") = "FMB Scan In v2", "FMB Scan In v2.csproj", "{3E2071B5-F868-43A9-8D0B-5A2ED04D4F6E}"
EndProject
Global
	GlobalSection(SolutionConfigurationPlatforms) = preSolution
		Debug|Any CPU = Debug|Any CPU
		Release|Any CPU = Release|Any CPU
	EndGlobalSection
	GlobalSection(ProjectConfigurationPlatforms) = postSolution
		{3E2071B5-F868-43A9-8D0B-5A2ED04D4F6E}.Debug|Any CPU.ActiveCfg = Debug|Any CPU
		{3E2071B5-F868-43A9-8D0B-5A2ED04D4F6E}.Debug|Any CPU.Build.0 = Debug|Any CPU
		{3E2071B5-F868-43A9-8D0B-5A2ED04D4F6E}.Release|Any CPU.ActiveCfg = Release|Any CPU
		{3E2071B5-F868-43A9-8D0B-5A2ED04D4F6E}.Release|Any CPU.Build.0 = Release|Any CPU
	EndGlobalSection
EndGlobal
