Microsoft Visual Studio Solution File, Format Version 11.00
# Visual Studio 2010
Project("{FAE04EC0-301F-11D3-BF4B-00C04F79EFBC}") = "DisplaySample_Step4", "DisplaySample_Step4.csproj", "{CCC014B0-DD99-4275-A201-443791F069E1}"
EndProject
Global
	GlobalSection(SolutionConfigurationPlatforms) = preSolution
		Debug|Any CPU = Debug|Any CPU
		Release|Any CPU = Release|Any CPU
	EndGlobalSection
	GlobalSection(ProjectConfigurationPlatforms) = postSolution
		{CCC014B0-DD99-4275-A201-443791F069E1}.Debug|Any CPU.ActiveCfg = Debug|Any CPU
		{CCC014B0-DD99-4275-A201-443791F069E1}.Debug|Any CPU.Build.0 = Debug|Any CPU
		{CCC014B0-DD99-4275-A201-443791F069E1}.Release|Any CPU.ActiveCfg = Release|Any CPU
		{CCC014B0-DD99-4275-A201-443791F069E1}.Release|Any CPU.Build.0 = Release|Any CPU
	EndGlobalSection
	GlobalSection(SolutionProperties) = preSolution
		HideSolutionNode = FALSE
	EndGlobalSection
EndGlobal
