Microsoft Visual Studio Solution File, Format Version 11.00
# Visual Studio 2010
Project("{FAE04EC0-301F-11D3-BF4B-00C04F79EFBC}") = "CheckSample_Step7", "CheckSample_Step7.csproj", "{1DBBFD96-6ABC-4EFD-9BAE-B8521C8B3E9E}"
EndProject
Global
	GlobalSection(SolutionConfigurationPlatforms) = preSolution
		Debug|Any CPU = Debug|Any CPU
		Release|Any CPU = Release|Any CPU
	EndGlobalSection
	GlobalSection(ProjectConfigurationPlatforms) = postSolution
		{1DBBFD96-6ABC-4EFD-9BAE-B8521C8B3E9E}.Debug|Any CPU.ActiveCfg = Debug|Any CPU
		{1DBBFD96-6ABC-4EFD-9BAE-B8521C8B3E9E}.Debug|Any CPU.Build.0 = Debug|Any CPU
		{1DBBFD96-6ABC-4EFD-9BAE-B8521C8B3E9E}.Release|Any CPU.ActiveCfg = Release|Any CPU
		{1DBBFD96-6ABC-4EFD-9BAE-B8521C8B3E9E}.Release|Any CPU.Build.0 = Release|Any CPU
	EndGlobalSection
	GlobalSection(SolutionProperties) = preSolution
		HideSolutionNode = FALSE
	EndGlobalSection
EndGlobal
