
Microsoft Visual Studio Solution File, Format Version 12.00
# Visual Studio 14
VisualStudioVersion = 14.0.25420.1
MinimumVisualStudioVersion = 10.0.40219.1
Project("{FAE04EC0-301F-11D3-BF4B-00C04F79EFBC}") = "Inventory Hourly Production", "Inventory Hourly Production\Inventory Hourly Production.csproj", "{A64015E9-2ED6-4948-8C6A-07551C4B16FF}"
EndProject
Global
	GlobalSection(SolutionConfigurationPlatforms) = preSolution
		Debug|Any CPU = Debug|Any CPU
		Release|Any CPU = Release|Any CPU
	EndGlobalSection
	GlobalSection(ProjectConfigurationPlatforms) = postSolution
		{A64015E9-2ED6-4948-8C6A-07551C4B16FF}.Debug|Any CPU.ActiveCfg = Debug|Any CPU
		{A64015E9-2ED6-4948-8C6A-07551C4B16FF}.Debug|Any CPU.Build.0 = Debug|Any CPU
		{A64015E9-2ED6-4948-8C6A-07551C4B16FF}.Release|Any CPU.ActiveCfg = Release|Any CPU
		{A64015E9-2ED6-4948-8C6A-07551C4B16FF}.Release|Any CPU.Build.0 = Release|Any CPU
	EndGlobalSection
	GlobalSection(SolutionProperties) = preSolution
		HideSolutionNode = FALSE
	EndGlobalSection
EndGlobal
