
Microsoft Visual Studio Solution File, Format Version 12.00
# Visual Studio 14
VisualStudioVersion = 14.0.25420.1
MinimumVisualStudioVersion = 10.0.40219.1
Project("{FAE04EC0-301F-11D3-BF4B-00C04F79EFBC}") = "Sub03 - Make Request", "Sub03 - Make Request\Sub03 - Make Request.csproj", "{31196752-3CB7-4942-BFFC-0E44C0DFA2BE}"
EndProject
Global
	GlobalSection(SolutionConfigurationPlatforms) = preSolution
		Debug|Any CPU = Debug|Any CPU
		Release|Any CPU = Release|Any CPU
	EndGlobalSection
	GlobalSection(ProjectConfigurationPlatforms) = postSolution
		{31196752-3CB7-4942-BFFC-0E44C0DFA2BE}.Debug|Any CPU.ActiveCfg = Debug|Any CPU
		{31196752-3CB7-4942-BFFC-0E44C0DFA2BE}.Debug|Any CPU.Build.0 = Debug|Any CPU
		{31196752-3CB7-4942-BFFC-0E44C0DFA2BE}.Release|Any CPU.ActiveCfg = Release|Any CPU
		{31196752-3CB7-4942-BFFC-0E44C0DFA2BE}.Release|Any CPU.Build.0 = Release|Any CPU
	EndGlobalSection
	GlobalSection(SolutionProperties) = preSolution
		HideSolutionNode = FALSE
	EndGlobalSection
EndGlobal
