Microsoft Visual Studio Solution File, Format Version 11.00
# Visual Studio 2010
Project("{F184B08F-C81C-45F6-A57F-5ABD9991F28F}") = "PrinterSample_Step10", "PrinterSample_Step10.vbproj", "{074F2EE2-2987-4100-839B-48A6D45607E5}"
EndProject
Global
	GlobalSection(SolutionConfigurationPlatforms) = preSolution
		Debug|Any CPU = Debug|Any CPU
		Release|Any CPU = Release|Any CPU
	EndGlobalSection
	GlobalSection(ProjectConfigurationPlatforms) = postSolution
		{074F2EE2-2987-4100-839B-48A6D45607E5}.Debug|Any CPU.ActiveCfg = Debug|Any CPU
		{074F2EE2-2987-4100-839B-48A6D45607E5}.Debug|Any CPU.Build.0 = Debug|Any CPU
		{074F2EE2-2987-4100-839B-48A6D45607E5}.Release|Any CPU.ActiveCfg = Release|Any CPU
		{074F2EE2-2987-4100-839B-48A6D45607E5}.Release|Any CPU.Build.0 = Release|Any CPU
	EndGlobalSection
	GlobalSection(SolutionProperties) = preSolution
		HideSolutionNode = FALSE
	EndGlobalSection
EndGlobal
