Microsoft Visual Studio Solution File, Format Version 11.00
# Visual Studio 2010
Project("{FAE04EC0-301F-11D3-BF4B-00C04F79EFBC}") = "CheckSample_Step6", "CheckSample_Step6.csproj", "{75A5585A-8E90-426C-BDF8-2BF867D0D771}"
EndProject
Global
	GlobalSection(SolutionConfigurationPlatforms) = preSolution
		Debug|Any CPU = Debug|Any CPU
		Release|Any CPU = Release|Any CPU
	EndGlobalSection
	GlobalSection(ProjectConfigurationPlatforms) = postSolution
		{75A5585A-8E90-426C-BDF8-2BF867D0D771}.Debug|Any CPU.ActiveCfg = Debug|Any CPU
		{75A5585A-8E90-426C-BDF8-2BF867D0D771}.Debug|Any CPU.Build.0 = Debug|Any CPU
		{75A5585A-8E90-426C-BDF8-2BF867D0D771}.Release|Any CPU.ActiveCfg = Release|Any CPU
		{75A5585A-8E90-426C-BDF8-2BF867D0D771}.Release|Any CPU.Build.0 = Release|Any CPU
	EndGlobalSection
	GlobalSection(SolutionProperties) = preSolution
		HideSolutionNode = FALSE
	EndGlobalSection
EndGlobal
