Microsoft Visual Studio Solution File, Format Version 11.00
# Visual Studio 2010
Project("{FAE04EC0-301F-11D3-BF4B-00C04F79EFBC}") = "PrinterSample_Step12", "PrinterSample_Step12.csproj", "{91CD2BFB-0AE1-420D-8528-C0B8EFC3661E}"
EndProject
Global
	GlobalSection(SolutionConfigurationPlatforms) = preSolution
		Debug|Any CPU = Debug|Any CPU
		Release|Any CPU = Release|Any CPU
	EndGlobalSection
	GlobalSection(ProjectConfigurationPlatforms) = postSolution
		{91CD2BFB-0AE1-420D-8528-C0B8EFC3661E}.Debug|Any CPU.ActiveCfg = Debug|Any CPU
		{91CD2BFB-0AE1-420D-8528-C0B8EFC3661E}.Debug|Any CPU.Build.0 = Debug|Any CPU
		{91CD2BFB-0AE1-420D-8528-C0B8EFC3661E}.Release|Any CPU.ActiveCfg = Release|Any CPU
		{91CD2BFB-0AE1-420D-8528-C0B8EFC3661E}.Release|Any CPU.Build.0 = Release|Any CPU
	EndGlobalSection
	GlobalSection(SolutionProperties) = preSolution
		HideSolutionNode = FALSE
	EndGlobalSection
EndGlobal
