
Microsoft Visual Studio Solution File, Format Version 12.00
# Visual Studio 14
VisualStudioVersion = 14.0.25420.1
MinimumVisualStudioVersion = 10.0.40219.1
Project("{FAE04EC0-301F-11D3-BF4B-00C04F79EFBC}") = "Warehouse Defines", "Warehouse Defines\Warehouse Defines.csproj", "{160A048C-9796-4F42-901A-BC1077F1D587}"
EndProject
Global
	GlobalSection(SolutionConfigurationPlatforms) = preSolution
		Debug|Any CPU = Debug|Any CPU
		Release|Any CPU = Release|Any CPU
	EndGlobalSection
	GlobalSection(ProjectConfigurationPlatforms) = postSolution
		{160A048C-9796-4F42-901A-BC1077F1D587}.Debug|Any CPU.ActiveCfg = Debug|Any CPU
		{160A048C-9796-4F42-901A-BC1077F1D587}.Debug|Any CPU.Build.0 = Debug|Any CPU
		{160A048C-9796-4F42-901A-BC1077F1D587}.Release|Any CPU.ActiveCfg = Release|Any CPU
		{160A048C-9796-4F42-901A-BC1077F1D587}.Release|Any CPU.Build.0 = Release|Any CPU
	EndGlobalSection
	GlobalSection(SolutionProperties) = preSolution
		HideSolutionNode = FALSE
	EndGlobalSection
EndGlobal
