
Microsoft Visual Studio Solution File, Format Version 12.00
# Visual Studio 14
VisualStudioVersion = 14.0.25420.1
MinimumVisualStudioVersion = 10.0.40219.1
Project("{FAE04EC0-301F-11D3-BF4B-00C04F79EFBC}") = "Warehouse Status Monitoring", "Warehouse Status Monitoring\Warehouse Status Monitoring.csproj", "{14AD3FCF-D3CB-48E7-B81A-F0A75F3003CF}"
EndProject
Global
	GlobalSection(SolutionConfigurationPlatforms) = preSolution
		Debug|Any CPU = Debug|Any CPU
		Release|Any CPU = Release|Any CPU
	EndGlobalSection
	GlobalSection(ProjectConfigurationPlatforms) = postSolution
		{14AD3FCF-D3CB-48E7-B81A-F0A75F3003CF}.Debug|Any CPU.ActiveCfg = Debug|Any CPU
		{14AD3FCF-D3CB-48E7-B81A-F0A75F3003CF}.Debug|Any CPU.Build.0 = Debug|Any CPU
		{14AD3FCF-D3CB-48E7-B81A-F0A75F3003CF}.Release|Any CPU.ActiveCfg = Release|Any CPU
		{14AD3FCF-D3CB-48E7-B81A-F0A75F3003CF}.Release|Any CPU.Build.0 = Release|Any CPU
	EndGlobalSection
	GlobalSection(SolutionProperties) = preSolution
		HideSolutionNode = FALSE
	EndGlobalSection
EndGlobal
