Microsoft Visual Studio Solution File, Format Version 11.00
# Visual Studio 2010
Project("{F184B08F-C81C-45F6-A57F-5ABD9991F28F}") = "MicrSample_Step5", "MicrSample_Step5.vbproj", "{518BBA83-4313-4579-AF78-4EF9CD677A02}"
EndProject
Global
	GlobalSection(SolutionConfigurationPlatforms) = preSolution
		Debug|Any CPU = Debug|Any CPU
		Release|Any CPU = Release|Any CPU
	EndGlobalSection
	GlobalSection(ProjectConfigurationPlatforms) = postSolution
		{518BBA83-4313-4579-AF78-4EF9CD677A02}.Debug|Any CPU.ActiveCfg = Debug|Any CPU
		{518BBA83-4313-4579-AF78-4EF9CD677A02}.Debug|Any CPU.Build.0 = Debug|Any CPU
		{518BBA83-4313-4579-AF78-4EF9CD677A02}.Release|Any CPU.ActiveCfg = Release|Any CPU
		{518BBA83-4313-4579-AF78-4EF9CD677A02}.Release|Any CPU.Build.0 = Release|Any CPU
	EndGlobalSection
	GlobalSection(SolutionProperties) = preSolution
		HideSolutionNode = FALSE
	EndGlobalSection
EndGlobal
